
Microsoft Visual Studio Solution File, Format Version 12.00
Project("{FAE04EC0-301F-11D3-BF4B-00C04F79EFBC}") = "ReceiptWriteOff", "ReceiptWriteOff\ReceiptWriteOff.csproj", "{6A06A466-7E47-4484-8ECE-E8D8E5B2B3CA}"
EndProject
Project("{2150E333-8FDC-42A3-9474-1A3956D46DE8}") = "Application", "Application", "{98BE5DA4-C8C1-4E3D-B922-7C7F8D707DEE}"
EndProject
Project("{2150E333-8FDC-42A3-9474-1A3956D46DE8}") = "Infrastructure", "Infrastructure", "{04589AD5-B666-4237-8DCB-E56A90BF51CC}"
EndProject
Project("{2150E333-8FDC-42A3-9474-1A3956D46DE8}") = "Domain", "Domain", "{9D58465A-6BC8-43B3-89EA-A20295581674}"
EndProject
Project("{2150E333-8FDC-42A3-9474-1A3956D46DE8}") = "Common", "Common", "{077120E9-CB28-48B2-B501-7810E9FA3566}"
EndProject
Project("{FAE04EC0-301F-11D3-BF4B-00C04F79EFBC}") = "ReceiptWriteOff.Infrastructure.EntityFramework", "ReceiptWriteOff.Infrastructure.EntityFramework\ReceiptWriteOff.Infrastructure.EntityFramework.csproj", "{2CF7C988-0054-49BD-98A9-05C5906A7503}"
EndProject
Project("{FAE04EC0-301F-11D3-BF4B-00C04F79EFBC}") = "ReceiptWriteOff.Infrastructure.Repositories.Implementation", "ReceiptWriteOff.Infrastructure.Repositories.Implementation\ReceiptWriteOff.Infrastructure.Repositories.Implementation.csproj", "{1AC8F08D-46BD-4D02-A993-064C03EA1E18}"
EndProject
Project("{FAE04EC0-301F-11D3-BF4B-00C04F79EFBC}") = "ReceiptWriteOff.Domain.Entities", "ReceiptWriteOff.Domain.Entities\ReceiptWriteOff.Domain.Entities.csproj", "{6AD2D4CF-6799-47B4-A6C5-CA3434A94D7C}"
EndProject
Project("{FAE04EC0-301F-11D3-BF4B-00C04F79EFBC}") = "ReceiptWriteOff.Infrastructure.Repositories.Abstractions", "ReceiptWriteOff.Infrastructure.Repositories.Abstractions\ReceiptWriteOff.Infrastructure.Repositories.Abstractions.csproj", "{7E367336-B10B-4463-A47A-9C49749F256B}"
EndProject
Project("{2150E333-8FDC-42A3-9474-1A3956D46DE8}") = "Services", "Services", "{6FC13982-33B3-4A14-A2BA-5502615CE1DB}"
EndProject
Project("{2150E333-8FDC-42A3-9474-1A3956D46DE8}") = "Presentation", "Presentation", "{2443BA35-A5DB-46D7-B676-1BDD6EB8EFA6}"
EndProject
Project("{FAE04EC0-301F-11D3-BF4B-00C04F79EFBC}") = "ReceiptWriteOff.Services.Abstractions", "ReceiptWriteOff.Services.Abstractions\ReceiptWriteOff.Services.Abstractions.csproj", "{D44A4735-F874-4219-83DF-EA2E94CDDC21}"
EndProject
Project("{FAE04EC0-301F-11D3-BF4B-00C04F79EFBC}") = "ReceiptWriteOff.Services.Contracts", "ReceiptWriteOff.Services.Contracts\ReceiptWriteOff.Services.Contracts.csproj", "{DA2B54B6-116F-4A97-9C24-5B384D74BE2B}"
EndProject
Project("{FAE04EC0-301F-11D3-BF4B-00C04F79EFBC}") = "ReceiptWriteOff.Services.Implementations", "ReceiptWriteOff.Services.Implementations\ReceiptWriteOff.Services.Implementations.csproj", "{58117DAB-21E2-4C29-9BC7-B1F9294FB4A8}"
EndProject
Global
	GlobalSection(SolutionConfigurationPlatforms) = preSolution
		Debug|Any CPU = Debug|Any CPU
		Release|Any CPU = Release|Any CPU
	EndGlobalSection
	GlobalSection(ProjectConfigurationPlatforms) = postSolution
		{6A06A466-7E47-4484-8ECE-E8D8E5B2B3CA}.Debug|Any CPU.ActiveCfg = Debug|Any CPU
		{6A06A466-7E47-4484-8ECE-E8D8E5B2B3CA}.Debug|Any CPU.Build.0 = Debug|Any CPU
		{6A06A466-7E47-4484-8ECE-E8D8E5B2B3CA}.Release|Any CPU.ActiveCfg = Release|Any CPU
		{6A06A466-7E47-4484-8ECE-E8D8E5B2B3CA}.Release|Any CPU.Build.0 = Release|Any CPU
		{2CF7C988-0054-49BD-98A9-05C5906A7503}.Debug|Any CPU.ActiveCfg = Debug|Any CPU
		{2CF7C988-0054-49BD-98A9-05C5906A7503}.Debug|Any CPU.Build.0 = Debug|Any CPU
		{2CF7C988-0054-49BD-98A9-05C5906A7503}.Release|Any CPU.ActiveCfg = Release|Any CPU
		{2CF7C988-0054-49BD-98A9-05C5906A7503}.Release|Any CPU.Build.0 = Release|Any CPU
		{1AC8F08D-46BD-4D02-A993-064C03EA1E18}.Debug|Any CPU.ActiveCfg = Debug|Any CPU
		{1AC8F08D-46BD-4D02-A993-064C03EA1E18}.Debug|Any CPU.Build.0 = Debug|Any CPU
		{1AC8F08D-46BD-4D02-A993-064C03EA1E18}.Release|Any CPU.ActiveCfg = Release|Any CPU
		{1AC8F08D-46BD-4D02-A993-064C03EA1E18}.Release|Any CPU.Build.0 = Release|Any CPU
		{6AD2D4CF-6799-47B4-A6C5-CA3434A94D7C}.Debug|Any CPU.ActiveCfg = Debug|Any CPU
		{6AD2D4CF-6799-47B4-A6C5-CA3434A94D7C}.Debug|Any CPU.Build.0 = Debug|Any CPU
		{6AD2D4CF-6799-47B4-A6C5-CA3434A94D7C}.Release|Any CPU.ActiveCfg = Release|Any CPU
		{6AD2D4CF-6799-47B4-A6C5-CA3434A94D7C}.Release|Any CPU.Build.0 = Release|Any CPU
		{7E367336-B10B-4463-A47A-9C49749F256B}.Debug|Any CPU.ActiveCfg = Debug|Any CPU
		{7E367336-B10B-4463-A47A-9C49749F256B}.Debug|Any CPU.Build.0 = Debug|Any CPU
		{7E367336-B10B-4463-A47A-9C49749F256B}.Release|Any CPU.ActiveCfg = Release|Any CPU
		{7E367336-B10B-4463-A47A-9C49749F256B}.Release|Any CPU.Build.0 = Release|Any CPU
		{D44A4735-F874-4219-83DF-EA2E94CDDC21}.Debug|Any CPU.ActiveCfg = Debug|Any CPU
		{D44A4735-F874-4219-83DF-EA2E94CDDC21}.Debug|Any CPU.Build.0 = Debug|Any CPU
		{D44A4735-F874-4219-83DF-EA2E94CDDC21}.Release|Any CPU.ActiveCfg = Release|Any CPU
		{D44A4735-F874-4219-83DF-EA2E94CDDC21}.Release|Any CPU.Build.0 = Release|Any CPU
		{DA2B54B6-116F-4A97-9C24-5B384D74BE2B}.Debug|Any CPU.ActiveCfg = Debug|Any CPU
		{DA2B54B6-116F-4A97-9C24-5B384D74BE2B}.Debug|Any CPU.Build.0 = Debug|Any CPU
		{DA2B54B6-116F-4A97-9C24-5B384D74BE2B}.Release|Any CPU.ActiveCfg = Release|Any CPU
		{DA2B54B6-116F-4A97-9C24-5B384D74BE2B}.Release|Any CPU.Build.0 = Release|Any CPU
		{58117DAB-21E2-4C29-9BC7-B1F9294FB4A8}.Debug|Any CPU.ActiveCfg = Debug|Any CPU
		{58117DAB-21E2-4C29-9BC7-B1F9294FB4A8}.Debug|Any CPU.Build.0 = Debug|Any CPU
		{58117DAB-21E2-4C29-9BC7-B1F9294FB4A8}.Release|Any CPU.ActiveCfg = Release|Any CPU
		{58117DAB-21E2-4C29-9BC7-B1F9294FB4A8}.Release|Any CPU.Build.0 = Release|Any CPU
	EndGlobalSection
	GlobalSection(NestedProjects) = preSolution
		{2CF7C988-0054-49BD-98A9-05C5906A7503} = {04589AD5-B666-4237-8DCB-E56A90BF51CC}
		{1AC8F08D-46BD-4D02-A993-064C03EA1E18} = {04589AD5-B666-4237-8DCB-E56A90BF51CC}
		{6AD2D4CF-6799-47B4-A6C5-CA3434A94D7C} = {9D58465A-6BC8-43B3-89EA-A20295581674}
		{7E367336-B10B-4463-A47A-9C49749F256B} = {04589AD5-B666-4237-8DCB-E56A90BF51CC}
		{6A06A466-7E47-4484-8ECE-E8D8E5B2B3CA} = {2443BA35-A5DB-46D7-B676-1BDD6EB8EFA6}
		{D44A4735-F874-4219-83DF-EA2E94CDDC21} = {6FC13982-33B3-4A14-A2BA-5502615CE1DB}
		{DA2B54B6-116F-4A97-9C24-5B384D74BE2B} = {6FC13982-33B3-4A14-A2BA-5502615CE1DB}
		{58117DAB-21E2-4C29-9BC7-B1F9294FB4A8} = {6FC13982-33B3-4A14-A2BA-5502615CE1DB}
	EndGlobalSection
EndGlobal
